
Microsoft Visual Studio Solution File, Format Version 12.00
# Visual Studio Version 17
VisualStudioVersion = 17.14.36401.2
MinimumVisualStudioVersion = 10.0.40219.1
Project("{2150E333-8FDC-42A3-9474-1A3956D46DE8}") = "Solution Items", "Solution Items", "{8EC462FD-D22E-90A8-E5CE-7E832BA40C5D}"
	ProjectSection(SolutionItems) = preProject
		Directory.Build.props = Directory.Build.props
		Directory.Packages.props = Directory.Packages.props
	EndProjectSection
EndProject
Project("{2150E333-8FDC-42A3-9474-1A3956D46DE8}") = "src", "src", "{02EA681E-C7D8-13C7-8484-4AC65E1B71E8}"
EndProject
Project("{FAE04EC0-301F-11D3-BF4B-00C04F79EFBC}") = "Orchestrator", "src\Orchestrator\Orchestrator.csproj", "{56D31EDB-ADB6-7780-1A4B-0350524435F3}"
EndProject
Project("{2150E333-8FDC-42A3-9474-1A3956D46DE8}") = "Shared", "Shared", "{393B6AA7-96A2-40A6-B171-D39A1E1B3E40}"
EndProject
Project("{FAE04EC0-301F-11D3-BF4B-00C04F79EFBC}") = "Shared.Abstractions", "src\Shared\Shared.Abstractions\Shared.Abstractions.csproj", "{71B73DDA-8DAF-49B3-B3F3-03DA47AE86AD}"
EndProject
Project("{FAE04EC0-301F-11D3-BF4B-00C04F79EFBC}") = "Shared.Application", "src\Shared\Shared.Application\Shared.Application.csproj", "{F15A0AE4-5899-4B04-AE2C-EBB5256D23F8}"
EndProject
Project("{FAE04EC0-301F-11D3-BF4B-00C04F79EFBC}") = "Shared.Infrastructure", "src\Shared\Shared.Infrastructure\Shared.Infrastructure.csproj", "{5EDACE9F-6527-44A5-814A-4B61DD992AC6}"
EndProject
Project("{FAE04EC0-301F-11D3-BF4B-00C04F79EFBC}") = "Shared.Kernel", "src\Shared\Shared.Kernel\Shared.Kernel.csproj", "{D462C61B-49F3-4C00-99B7-0FA34C8666EA}"
EndProject
Project("{FAE04EC0-301F-11D3-BF4B-00C04F79EFBC}") = "Shared.Persistence", "src\Shared\Shared.Persistence\Shared.Persistence.csproj", "{F8CD0CAF-68E0-409D-BF12-763D7AC129F2}"
EndProject
Project("{2150E333-8FDC-42A3-9474-1A3956D46DE8}") = "Services", "Services", "{221BAE45-2C2F-4C90-82B8-0B0CA53A33F0}"
EndProject
Project("{2150E333-8FDC-42A3-9474-1A3956D46DE8}") = "Auth", "Auth", "{ABE920F2-9DD9-4D34-BEB4-1DF0EFCBA75E}"
EndProject
Project("{FAE04EC0-301F-11D3-BF4B-00C04F79EFBC}") = "Auth.API", "src\Services\Auth\Auth.API\Auth.API.csproj", "{BFA6E263-05EB-A1F1-3B83-BB00FF645A06}"
EndProject
Project("{FAE04EC0-301F-11D3-BF4B-00C04F79EFBC}") = "Shared.Contracts", "src\Shared\Shared.Contracts\Shared.Contracts.csproj", "{E3186AA1-2DA7-472A-992A-963D4C8479C2}"
EndProject
Project("{2150E333-8FDC-42A3-9474-1A3956D46DE8}") = "Logger", "Logger", "{DA43FB48-42C3-4CAA-B4F3-744754084D61}"
EndProject
Project("{FAE04EC0-301F-11D3-BF4B-00C04F79EFBC}") = "Logger.API", "src\Services\Logger\Logger.API\Logger.API.csproj", "{E1205ACC-807C-AD65-86E7-C5440CA52047}"
EndProject
Project("{FAE04EC0-301F-11D3-BF4B-00C04F79EFBC}") = "Auth.Infrastructure", "src\Services\Auth\Auth.Infrastructure\Auth.Infrastructure.csproj", "{788F4917-54F0-4EA8-98F9-99228E20C10A}"
EndProject
Project("{FAE04EC0-301F-11D3-BF4B-00C04F79EFBC}") = "Auth.Core", "src\Services\Auth\Auth.Core\Auth.Core.csproj", "{E7DEFC05-9EF4-4BFE-87F7-3F0F0189ABB9}"
EndProject
Project("{FAE04EC0-301F-11D3-BF4B-00C04F79EFBC}") = "Logger.Infrastructure", "src\Services\Logger\Logger.Infrastructure\Logger.Infrastructure.csproj", "{9B44B982-111E-4235-A64C-E1E9F1B8E63D}"
EndProject
Project("{FAE04EC0-301F-11D3-BF4B-00C04F79EFBC}") = "Logger.Core", "src\Services\Logger\Logger.Core\Logger.Core.csproj", "{FADD01A9-A178-4EA1-9AEB-090030B6E8D9}"
EndProject
Project("{FAE04EC0-301F-11D3-BF4B-00C04F79EFBC}") = "ServiceDefaults", "src\ServiceDefaults\ServiceDefaults.csproj", "{C58E12B3-1969-49D3-B229-FDD2EC133483}"
EndProject
Project("{FAE04EC0-301F-11D3-BF4B-00C04F79EFBC}") = "Logger.Application", "src\Services\Logger\Logger.Application\Logger.Application.csproj", "{55865A62-B27A-41A6-9960-25ACCCAF4367}"
EndProject
Project("{2150E333-8FDC-42A3-9474-1A3956D46DE8}") = "User", "User", "{FCF3FD7D-CA90-4B8B-86CF-E0904D20465E}"
EndProject
Project("{FAE04EC0-301F-11D3-BF4B-00C04F79EFBC}") = "User.Core", "src\Services\User\User.Core\User.Core.csproj", "{3879B9D1-0ED3-4175-9622-21182F16CBC6}"
EndProject
Project("{FAE04EC0-301F-11D3-BF4B-00C04F79EFBC}") = "Auth.Application", "src\Services\Auth\Auth.Application\Auth.Application.csproj", "{F6300158-B603-FD7A-65CE-EAC6D41210F4}"
EndProject
Project("{FAE04EC0-301F-11D3-BF4B-00C04F79EFBC}") = "User.Infrastructure", "src\Services\User\User.Infrastructure\User.Infrastructure.csproj", "{B2D444C6-49C5-4614-A696-6045696EE8BF}"
EndProject
Project("{FAE04EC0-301F-11D3-BF4B-00C04F79EFBC}") = "User.Application", "src\Services\User\User.Application\User.Application.csproj", "{30EF0209-4FAB-41A5-9148-183CE6571A64}"
EndProject
Project("{FAE04EC0-301F-11D3-BF4B-00C04F79EFBC}") = "User.API", "src\Services\User\User.API\User.API.csproj", "{BAABB5D7-E47F-65AE-C3C4-E52232A729F5}"
EndProject
Global
	GlobalSection(SolutionConfigurationPlatforms) = preSolution
		Debug|Any CPU = Debug|Any CPU
		Release|Any CPU = Release|Any CPU
	EndGlobalSection
	GlobalSection(ProjectConfigurationPlatforms) = postSolution
		{56D31EDB-ADB6-7780-1A4B-0350524435F3}.Debug|Any CPU.ActiveCfg = Debug|Any CPU
		{56D31EDB-ADB6-7780-1A4B-0350524435F3}.Debug|Any CPU.Build.0 = Debug|Any CPU
		{56D31EDB-ADB6-7780-1A4B-0350524435F3}.Release|Any CPU.ActiveCfg = Release|Any CPU
		{56D31EDB-ADB6-7780-1A4B-0350524435F3}.Release|Any CPU.Build.0 = Release|Any CPU
		{71B73DDA-8DAF-49B3-B3F3-03DA47AE86AD}.Debug|Any CPU.ActiveCfg = Debug|Any CPU
		{71B73DDA-8DAF-49B3-B3F3-03DA47AE86AD}.Debug|Any CPU.Build.0 = Debug|Any CPU
		{71B73DDA-8DAF-49B3-B3F3-03DA47AE86AD}.Release|Any CPU.ActiveCfg = Release|Any CPU
		{71B73DDA-8DAF-49B3-B3F3-03DA47AE86AD}.Release|Any CPU.Build.0 = Release|Any CPU
		{F15A0AE4-5899-4B04-AE2C-EBB5256D23F8}.Debug|Any CPU.ActiveCfg = Debug|Any CPU
		{F15A0AE4-5899-4B04-AE2C-EBB5256D23F8}.Debug|Any CPU.Build.0 = Debug|Any CPU
		{F15A0AE4-5899-4B04-AE2C-EBB5256D23F8}.Release|Any CPU.ActiveCfg = Release|Any CPU
		{F15A0AE4-5899-4B04-AE2C-EBB5256D23F8}.Release|Any CPU.Build.0 = Release|Any CPU
		{5EDACE9F-6527-44A5-814A-4B61DD992AC6}.Debug|Any CPU.ActiveCfg = Debug|Any CPU
		{5EDACE9F-6527-44A5-814A-4B61DD992AC6}.Debug|Any CPU.Build.0 = Debug|Any CPU
		{5EDACE9F-6527-44A5-814A-4B61DD992AC6}.Release|Any CPU.ActiveCfg = Release|Any CPU
		{5EDACE9F-6527-44A5-814A-4B61DD992AC6}.Release|Any CPU.Build.0 = Release|Any CPU
		{D462C61B-49F3-4C00-99B7-0FA34C8666EA}.Debug|Any CPU.ActiveCfg = Debug|Any CPU
		{D462C61B-49F3-4C00-99B7-0FA34C8666EA}.Debug|Any CPU.Build.0 = Debug|Any CPU
		{D462C61B-49F3-4C00-99B7-0FA34C8666EA}.Release|Any CPU.ActiveCfg = Release|Any CPU
		{D462C61B-49F3-4C00-99B7-0FA34C8666EA}.Release|Any CPU.Build.0 = Release|Any CPU
		{F8CD0CAF-68E0-409D-BF12-763D7AC129F2}.Debug|Any CPU.ActiveCfg = Debug|Any CPU
		{F8CD0CAF-68E0-409D-BF12-763D7AC129F2}.Debug|Any CPU.Build.0 = Debug|Any CPU
		{F8CD0CAF-68E0-409D-BF12-763D7AC129F2}.Release|Any CPU.ActiveCfg = Release|Any CPU
		{F8CD0CAF-68E0-409D-BF12-763D7AC129F2}.Release|Any CPU.Build.0 = Release|Any CPU
		{BFA6E263-05EB-A1F1-3B83-BB00FF645A06}.Debug|Any CPU.ActiveCfg = Debug|Any CPU
		{BFA6E263-05EB-A1F1-3B83-BB00FF645A06}.Debug|Any CPU.Build.0 = Debug|Any CPU
		{BFA6E263-05EB-A1F1-3B83-BB00FF645A06}.Release|Any CPU.ActiveCfg = Release|Any CPU
		{BFA6E263-05EB-A1F1-3B83-BB00FF645A06}.Release|Any CPU.Build.0 = Release|Any CPU
		{E3186AA1-2DA7-472A-992A-963D4C8479C2}.Debug|Any CPU.ActiveCfg = Debug|Any CPU
		{E3186AA1-2DA7-472A-992A-963D4C8479C2}.Debug|Any CPU.Build.0 = Debug|Any CPU
		{E3186AA1-2DA7-472A-992A-963D4C8479C2}.Release|Any CPU.ActiveCfg = Release|Any CPU
		{E3186AA1-2DA7-472A-992A-963D4C8479C2}.Release|Any CPU.Build.0 = Release|Any CPU
		{E1205ACC-807C-AD65-86E7-C5440CA52047}.Debug|Any CPU.ActiveCfg = Debug|Any CPU
		{E1205ACC-807C-AD65-86E7-C5440CA52047}.Debug|Any CPU.Build.0 = Debug|Any CPU
		{E1205ACC-807C-AD65-86E7-C5440CA52047}.Release|Any CPU.ActiveCfg = Release|Any CPU
		{E1205ACC-807C-AD65-86E7-C5440CA52047}.Release|Any CPU.Build.0 = Release|Any CPU
		{788F4917-54F0-4EA8-98F9-99228E20C10A}.Debug|Any CPU.ActiveCfg = Debug|Any CPU
		{788F4917-54F0-4EA8-98F9-99228E20C10A}.Debug|Any CPU.Build.0 = Debug|Any CPU
		{788F4917-54F0-4EA8-98F9-99228E20C10A}.Release|Any CPU.ActiveCfg = Release|Any CPU
		{788F4917-54F0-4EA8-98F9-99228E20C10A}.Release|Any CPU.Build.0 = Release|Any CPU
		{E7DEFC05-9EF4-4BFE-87F7-3F0F0189ABB9}.Debug|Any CPU.ActiveCfg = Debug|Any CPU
		{E7DEFC05-9EF4-4BFE-87F7-3F0F0189ABB9}.Debug|Any CPU.Build.0 = Debug|Any CPU
		{E7DEFC05-9EF4-4BFE-87F7-3F0F0189ABB9}.Release|Any CPU.ActiveCfg = Release|Any CPU
		{E7DEFC05-9EF4-4BFE-87F7-3F0F0189ABB9}.Release|Any CPU.Build.0 = Release|Any CPU
		{9B44B982-111E-4235-A64C-E1E9F1B8E63D}.Debug|Any CPU.ActiveCfg = Debug|Any CPU
		{9B44B982-111E-4235-A64C-E1E9F1B8E63D}.Debug|Any CPU.Build.0 = Debug|Any CPU
		{9B44B982-111E-4235-A64C-E1E9F1B8E63D}.Release|Any CPU.ActiveCfg = Release|Any CPU
		{9B44B982-111E-4235-A64C-E1E9F1B8E63D}.Release|Any CPU.Build.0 = Release|Any CPU
		{FADD01A9-A178-4EA1-9AEB-090030B6E8D9}.Debug|Any CPU.ActiveCfg = Debug|Any CPU
		{FADD01A9-A178-4EA1-9AEB-090030B6E8D9}.Debug|Any CPU.Build.0 = Debug|Any CPU
		{FADD01A9-A178-4EA1-9AEB-090030B6E8D9}.Release|Any CPU.ActiveCfg = Release|Any CPU
		{FADD01A9-A178-4EA1-9AEB-090030B6E8D9}.Release|Any CPU.Build.0 = Release|Any CPU
		{C58E12B3-1969-49D3-B229-FDD2EC133483}.Debug|Any CPU.ActiveCfg = Debug|Any CPU
		{C58E12B3-1969-49D3-B229-FDD2EC133483}.Debug|Any CPU.Build.0 = Debug|Any CPU
		{C58E12B3-1969-49D3-B229-FDD2EC133483}.Release|Any CPU.ActiveCfg = Release|Any CPU
		{C58E12B3-1969-49D3-B229-FDD2EC133483}.Release|Any CPU.Build.0 = Release|Any CPU
		{55865A62-B27A-41A6-9960-25ACCCAF4367}.Debug|Any CPU.ActiveCfg = Debug|Any CPU
		{55865A62-B27A-41A6-9960-25ACCCAF4367}.Debug|Any CPU.Build.0 = Debug|Any CPU
		{55865A62-B27A-41A6-9960-25ACCCAF4367}.Release|Any CPU.ActiveCfg = Release|Any CPU
		{55865A62-B27A-41A6-9960-25ACCCAF4367}.Release|Any CPU.Build.0 = Release|Any CPU
		{3879B9D1-0ED3-4175-9622-21182F16CBC6}.Debug|Any CPU.ActiveCfg = Debug|Any CPU
		{3879B9D1-0ED3-4175-9622-21182F16CBC6}.Debug|Any CPU.Build.0 = Debug|Any CPU
		{3879B9D1-0ED3-4175-9622-21182F16CBC6}.Release|Any CPU.ActiveCfg = Release|Any CPU
		{3879B9D1-0ED3-4175-9622-21182F16CBC6}.Release|Any CPU.Build.0 = Release|Any CPU
		{F6300158-B603-FD7A-65CE-EAC6D41210F4}.Debug|Any CPU.ActiveCfg = Debug|Any CPU
		{F6300158-B603-FD7A-65CE-EAC6D41210F4}.Debug|Any CPU.Build.0 = Debug|Any CPU
		{F6300158-B603-FD7A-65CE-EAC6D41210F4}.Release|Any CPU.ActiveCfg = Release|Any CPU
		{F6300158-B603-FD7A-65CE-EAC6D41210F4}.Release|Any CPU.Build.0 = Release|Any CPU
		{B2D444C6-49C5-4614-A696-6045696EE8BF}.Debug|Any CPU.ActiveCfg = Debug|Any CPU
		{B2D444C6-49C5-4614-A696-6045696EE8BF}.Debug|Any CPU.Build.0 = Debug|Any CPU
		{B2D444C6-49C5-4614-A696-6045696EE8BF}.Release|Any CPU.ActiveCfg = Release|Any CPU
		{B2D444C6-49C5-4614-A696-6045696EE8BF}.Release|Any CPU.Build.0 = Release|Any CPU
		{30EF0209-4FAB-41A5-9148-183CE6571A64}.Debug|Any CPU.ActiveCfg = Debug|Any CPU
		{30EF0209-4FAB-41A5-9148-183CE6571A64}.Debug|Any CPU.Build.0 = Debug|Any CPU
		{30EF0209-4FAB-41A5-9148-183CE6571A64}.Release|Any CPU.ActiveCfg = Release|Any CPU
		{30EF0209-4FAB-41A5-9148-183CE6571A64}.Release|Any CPU.Build.0 = Release|Any CPU
		{BAABB5D7-E47F-65AE-C3C4-E52232A729F5}.Debug|Any CPU.ActiveCfg = Debug|Any CPU
		{BAABB5D7-E47F-65AE-C3C4-E52232A729F5}.Debug|Any CPU.Build.0 = Debug|Any CPU
		{BAABB5D7-E47F-65AE-C3C4-E52232A729F5}.Release|Any CPU.ActiveCfg = Release|Any CPU
		{BAABB5D7-E47F-65AE-C3C4-E52232A729F5}.Release|Any CPU.Build.0 = Release|Any CPU
	EndGlobalSection
	GlobalSection(SolutionProperties) = preSolution
		HideSolutionNode = FALSE
	EndGlobalSection
	GlobalSection(NestedProjects) = preSolution
		{56D31EDB-ADB6-7780-1A4B-0350524435F3} = {02EA681E-C7D8-13C7-8484-4AC65E1B71E8}
		{393B6AA7-96A2-40A6-B171-D39A1E1B3E40} = {02EA681E-C7D8-13C7-8484-4AC65E1B71E8}
		{71B73DDA-8DAF-49B3-B3F3-03DA47AE86AD} = {393B6AA7-96A2-40A6-B171-D39A1E1B3E40}
		{F15A0AE4-5899-4B04-AE2C-EBB5256D23F8} = {393B6AA7-96A2-40A6-B171-D39A1E1B3E40}
		{5EDACE9F-6527-44A5-814A-4B61DD992AC6} = {393B6AA7-96A2-40A6-B171-D39A1E1B3E40}
		{D462C61B-49F3-4C00-99B7-0FA34C8666EA} = {393B6AA7-96A2-40A6-B171-D39A1E1B3E40}
		{F8CD0CAF-68E0-409D-BF12-763D7AC129F2} = {393B6AA7-96A2-40A6-B171-D39A1E1B3E40}
		{221BAE45-2C2F-4C90-82B8-0B0CA53A33F0} = {02EA681E-C7D8-13C7-8484-4AC65E1B71E8}
		{ABE920F2-9DD9-4D34-BEB4-1DF0EFCBA75E} = {221BAE45-2C2F-4C90-82B8-0B0CA53A33F0}
		{BFA6E263-05EB-A1F1-3B83-BB00FF645A06} = {ABE920F2-9DD9-4D34-BEB4-1DF0EFCBA75E}
		{E3186AA1-2DA7-472A-992A-963D4C8479C2} = {393B6AA7-96A2-40A6-B171-D39A1E1B3E40}
		{DA43FB48-42C3-4CAA-B4F3-744754084D61} = {221BAE45-2C2F-4C90-82B8-0B0CA53A33F0}
		{E1205ACC-807C-AD65-86E7-C5440CA52047} = {DA43FB48-42C3-4CAA-B4F3-744754084D61}
		{788F4917-54F0-4EA8-98F9-99228E20C10A} = {ABE920F2-9DD9-4D34-BEB4-1DF0EFCBA75E}
		{E7DEFC05-9EF4-4BFE-87F7-3F0F0189ABB9} = {ABE920F2-9DD9-4D34-BEB4-1DF0EFCBA75E}
		{9B44B982-111E-4235-A64C-E1E9F1B8E63D} = {DA43FB48-42C3-4CAA-B4F3-744754084D61}
		{FADD01A9-A178-4EA1-9AEB-090030B6E8D9} = {DA43FB48-42C3-4CAA-B4F3-744754084D61}
		{C58E12B3-1969-49D3-B229-FDD2EC133483} = {02EA681E-C7D8-13C7-8484-4AC65E1B71E8}
		{55865A62-B27A-41A6-9960-25ACCCAF4367} = {DA43FB48-42C3-4CAA-B4F3-744754084D61}
		{FCF3FD7D-CA90-4B8B-86CF-E0904D20465E} = {221BAE45-2C2F-4C90-82B8-0B0CA53A33F0}
		{3879B9D1-0ED3-4175-9622-21182F16CBC6} = {FCF3FD7D-CA90-4B8B-86CF-E0904D20465E}
		{F6300158-B603-FD7A-65CE-EAC6D41210F4} = {ABE920F2-9DD9-4D34-BEB4-1DF0EFCBA75E}
		{B2D444C6-49C5-4614-A696-6045696EE8BF} = {FCF3FD7D-CA90-4B8B-86CF-E0904D20465E}
		{30EF0209-4FAB-41A5-9148-183CE6571A64} = {FCF3FD7D-CA90-4B8B-86CF-E0904D20465E}
		{BAABB5D7-E47F-65AE-C3C4-E52232A729F5} = {FCF3FD7D-CA90-4B8B-86CF-E0904D20465E}
	EndGlobalSection
	GlobalSection(ExtensibilityGlobals) = postSolution
		SolutionGuid = {18451969-BAE6-477A-B9F7-365E7D46B847}
	EndGlobalSection
EndGlobal
